// !$*UTF8*$!
{
	archiveVersion = 1;
	classes = {
	};
	objectVersion = 56;
	objects = {

/* Begin PBXBuildFile section */
		7D2DDC2A2A23369700744F59 /* SearchScreen.swift in Sources */ = {isa = PBXBuildFile; fileRef = 7D2DDC292A23369700744F59 /* SearchScreen.swift */; };
		7D2DDC302A233EE300744F59 /* city.list.json in Resources */ = {isa = PBXBuildFile; fileRef = 7D2DDC2F2A233EE300744F59 /* city.list.json */; };
		7DA1ADD62A22020F00B7A302 /* HomeScreen.swift in Sources */ = {isa = PBXBuildFile; fileRef = 7DA1ADD52A22020F00B7A302 /* HomeScreen.swift */; };
		7DA1ADD82A221AF100B7A302 /* Utils.swift in Sources */ = {isa = PBXBuildFile; fileRef = 7DA1ADD72A221AF100B7A302 /* Utils.swift */; };
		7DD377FC2A2138B400A48816 /* AppDelegate.swift in Sources */ = {isa = PBXBuildFile; fileRef = 7DD377FB2A2138B400A48816 /* AppDelegate.swift */; };
		7DD377FE2A2138B400A48816 /* SceneDelegate.swift in Sources */ = {isa = PBXBuildFile; fileRef = 7DD377FD2A2138B400A48816 /* SceneDelegate.swift */; };
		7DD378032A2138B400A48816 /* Main.storyboard in Resources */ = {isa = PBXBuildFile; fileRef = 7DD378012A2138B400A48816 /* Main.storyboard */; };
		7DD378062A2138B400A48816 /* SimpleWeatherApp.xcdatamodeld in Sources */ = {isa = PBXBuildFile; fileRef = 7DD378042A2138B400A48816 /* SimpleWeatherApp.xcdatamodeld */; };
		7DD378082A2138B400A48816 /* Assets.xcassets in Resources */ = {isa = PBXBuildFile; fileRef = 7DD378072A2138B400A48816 /* Assets.xcassets */; };
		7DD3780B2A2138B400A48816 /* LaunchScreen.storyboard in Resources */ = {isa = PBXBuildFile; fileRef = 7DD378092A2138B400A48816 /* LaunchScreen.storyboard */; };
		7DD378162A2138B500A48816 /* SimpleWeatherAppTests.swift in Sources */ = {isa = PBXBuildFile; fileRef = 7DD378152A2138B500A48816 /* SimpleWeatherAppTests.swift */; };
		7DD378202A2138B500A48816 /* SimpleWeatherAppUITests.swift in Sources */ = {isa = PBXBuildFile; fileRef = 7DD3781F2A2138B500A48816 /* SimpleWeatherAppUITests.swift */; };
		7DD378222A2138B500A48816 /* SimpleWeatherAppUITestsLaunchTests.swift in Sources */ = {isa = PBXBuildFile; fileRef = 7DD378212A2138B500A48816 /* SimpleWeatherAppUITestsLaunchTests.swift */; };
		7DD378322A21450700A48816 /* City.swift in Sources */ = {isa = PBXBuildFile; fileRef = 7DD378312A21450700A48816 /* City.swift */; };
		7DD378342A2149C200A48816 /* Network.swift in Sources */ = {isa = PBXBuildFile; fileRef = 7DD378332A2149C200A48816 /* Network.swift */; };
		7DD378372A21550F00A48816 /* Constants.swift in Sources */ = {isa = PBXBuildFile; fileRef = 7DD378362A21550F00A48816 /* Constants.swift */; };
/* End PBXBuildFile section */

/* Begin PBXContainerItemProxy section */
		7DD378122A2138B500A48816 /* PBXContainerItemProxy */ = {
			isa = PBXContainerItemProxy;
			containerPortal = 7DD377F02A2138B400A48816 /* Project object */;
			proxyType = 1;
			remoteGlobalIDString = 7DD377F72A2138B400A48816;
			remoteInfo = SimpleWeatherApp;
		};
		7DD3781C2A2138B500A48816 /* PBXContainerItemProxy */ = {
			isa = PBXContainerItemProxy;
			containerPortal = 7DD377F02A2138B400A48816 /* Project object */;
			proxyType = 1;
			remoteGlobalIDString = 7DD377F72A2138B400A48816;
			remoteInfo = SimpleWeatherApp;
		};
/* End PBXContainerItemProxy section */

/* Begin PBXFileReference section */
		7D2DDC292A23369700744F59 /* SearchScreen.swift */ = {isa = PBXFileReference; lastKnownFileType = sourcecode.swift; path = SearchScreen.swift; sourceTree = "<group>"; };
		7D2DDC2F2A233EE300744F59 /* city.list.json */ = {isa = PBXFileReference; fileEncoding = 4; lastKnownFileType = text.json; path = city.list.json; sourceTree = "<group>"; };
		7DA1ADD52A22020F00B7A302 /* HomeScreen.swift */ = {isa = PBXFileReference; lastKnownFileType = sourcecode.swift; path = HomeScreen.swift; sourceTree = "<group>"; };
		7DA1ADD72A221AF100B7A302 /* Utils.swift */ = {isa = PBXFileReference; lastKnownFileType = sourcecode.swift; path = Utils.swift; sourceTree = "<group>"; };
		7DD377F82A2138B400A48816 /* SimpleWeatherApp.app */ = {isa = PBXFileReference; explicitFileType = wrapper.application; includeInIndex = 0; path = SimpleWeatherApp.app; sourceTree = BUILT_PRODUCTS_DIR; };
		7DD377FB2A2138B400A48816 /* AppDelegate.swift */ = {isa = PBXFileReference; lastKnownFileType = sourcecode.swift; path = AppDelegate.swift; sourceTree = "<group>"; };
		7DD377FD2A2138B400A48816 /* SceneDelegate.swift */ = {isa = PBXFileReference; lastKnownFileType = sourcecode.swift; path = SceneDelegate.swift; sourceTree = "<group>"; };
		7DD378022A2138B400A48816 /* Base */ = {isa = PBXFileReference; lastKnownFileType = file.storyboard; name = Base; path = Base.lproj/Main.storyboard; sourceTree = "<group>"; };
		7DD378052A2138B400A48816 /* SimpleWeatherApp.xcdatamodel */ = {isa = PBXFileReference; lastKnownFileType = wrapper.xcdatamodel; path = SimpleWeatherApp.xcdatamodel; sourceTree = "<group>"; };
		7DD378072A2138B400A48816 /* Assets.xcassets */ = {isa = PBXFileReference; lastKnownFileType = folder.assetcatalog; path = Assets.xcassets; sourceTree = "<group>"; };
		7DD3780A2A2138B400A48816 /* Base */ = {isa = PBXFileReference; lastKnownFileType = file.storyboard; name = Base; path = Base.lproj/LaunchScreen.storyboard; sourceTree = "<group>"; };
		7DD3780C2A2138B400A48816 /* Info.plist */ = {isa = PBXFileReference; lastKnownFileType = text.plist.xml; path = Info.plist; sourceTree = "<group>"; };
		7DD378112A2138B500A48816 /* SimpleWeatherAppTests.xctest */ = {isa = PBXFileReference; explicitFileType = wrapper.cfbundle; includeInIndex = 0; path = SimpleWeatherAppTests.xctest; sourceTree = BUILT_PRODUCTS_DIR; };
		7DD378152A2138B500A48816 /* SimpleWeatherAppTests.swift */ = {isa = PBXFileReference; lastKnownFileType = sourcecode.swift; path = SimpleWeatherAppTests.swift; sourceTree = "<group>"; };
		7DD3781B2A2138B500A48816 /* SimpleWeatherAppUITests.xctest */ = {isa = PBXFileReference; explicitFileType = wrapper.cfbundle; includeInIndex = 0; path = SimpleWeatherAppUITests.xctest; sourceTree = BUILT_PRODUCTS_DIR; };
		7DD3781F2A2138B500A48816 /* SimpleWeatherAppUITests.swift */ = {isa = PBXFileReference; lastKnownFileType = sourcecode.swift; path = SimpleWeatherAppUITests.swift; sourceTree = "<group>"; };
		7DD378212A2138B500A48816 /* SimpleWeatherAppUITestsLaunchTests.swift */ = {isa = PBXFileReference; lastKnownFileType = sourcecode.swift; path = SimpleWeatherAppUITestsLaunchTests.swift; sourceTree = "<group>"; };
		7DD378312A21450700A48816 /* City.swift */ = {isa = PBXFileReference; lastKnownFileType = sourcecode.swift; path = City.swift; sourceTree = "<group>"; };
		7DD378332A2149C200A48816 /* Network.swift */ = {isa = PBXFileReference; lastKnownFileType = sourcecode.swift; path = Network.swift; sourceTree = "<group>"; };
		7DD378362A21550F00A48816 /* Constants.swift */ = {isa = PBXFileReference; lastKnownFileType = sourcecode.swift; path = Constants.swift; sourceTree = "<group>"; };
/* End PBXFileReference section */

/* Begin PBXFrameworksBuildPhase section */
		7DD377F52A2138B400A48816 /* Frameworks */ = {
			isa = PBXFrameworksBuildPhase;
			buildActionMask = 2147483647;
			files = (
			);
			runOnlyForDeploymentPostprocessing = 0;
		};
		7DD3780E2A2138B500A48816 /* Frameworks */ = {
			isa = PBXFrameworksBuildPhase;
			buildActionMask = 2147483647;
			files = (
			);
			runOnlyForDeploymentPostprocessing = 0;
		};
		7DD378182A2138B500A48816 /* Frameworks */ = {
			isa = PBXFrameworksBuildPhase;
			buildActionMask = 2147483647;
			files = (
			);
			runOnlyForDeploymentPostprocessing = 0;
		};
/* End PBXFrameworksBuildPhase section */

/* Begin PBXGroup section */
		7DD377EF2A2138B400A48816 = {
			isa = PBXGroup;
			children = (
				7DD377FA2A2138B400A48816 /* SimpleWeatherApp */,
				7DD378142A2138B500A48816 /* SimpleWeatherAppTests */,
				7DD3781E2A2138B500A48816 /* SimpleWeatherAppUITests */,
				7DD377F92A2138B400A48816 /* Products */,
			);
			sourceTree = "<group>";
		};
		7DD377F92A2138B400A48816 /* Products */ = {
			isa = PBXGroup;
			children = (
				7DD377F82A2138B400A48816 /* SimpleWeatherApp.app */,
				7DD378112A2138B500A48816 /* SimpleWeatherAppTests.xctest */,
				7DD3781B2A2138B500A48816 /* SimpleWeatherAppUITests.xctest */,
			);
			name = Products;
			sourceTree = "<group>";
		};
		7DD377FA2A2138B400A48816 /* SimpleWeatherApp */ = {
			isa = PBXGroup;
			children = (
				7D2DDC2F2A233EE300744F59 /* city.list.json */,
				7DD378302A21390C00A48816 /* Model */,
				7DD3782F2A21390600A48816 /* View */,
				7DD3782E2A2138FE00A48816 /* Controller */,
				7DD3780C2A2138B400A48816 /* Info.plist */,
				7DD378042A2138B400A48816 /* SimpleWeatherApp.xcdatamodeld */,
			);
			path = SimpleWeatherApp;
			sourceTree = "<group>";
		};
		7DD378142A2138B500A48816 /* SimpleWeatherAppTests */ = {
			isa = PBXGroup;
			children = (
				7DD378152A2138B500A48816 /* SimpleWeatherAppTests.swift */,
			);
			path = SimpleWeatherAppTests;
			sourceTree = "<group>";
		};
		7DD3781E2A2138B500A48816 /* SimpleWeatherAppUITests */ = {
			isa = PBXGroup;
			children = (
				7DD3781F2A2138B500A48816 /* SimpleWeatherAppUITests.swift */,
				7DD378212A2138B500A48816 /* SimpleWeatherAppUITestsLaunchTests.swift */,
			);
			path = SimpleWeatherAppUITests;
			sourceTree = "<group>";
		};
		7DD3782E2A2138FE00A48816 /* Controller */ = {
			isa = PBXGroup;
			children = (
				7DD377FB2A2138B400A48816 /* AppDelegate.swift */,
				7DD377FD2A2138B400A48816 /* SceneDelegate.swift */,
				7DA1ADD52A22020F00B7A302 /* HomeScreen.swift */,
				7D2DDC292A23369700744F59 /* SearchScreen.swift */,
			);
			path = Controller;
			sourceTree = "<group>";
		};
		7DD3782F2A21390600A48816 /* View */ = {
			isa = PBXGroup;
			children = (
				7DD378012A2138B400A48816 /* Main.storyboard */,
				7DD378072A2138B400A48816 /* Assets.xcassets */,
				7DD378092A2138B400A48816 /* LaunchScreen.storyboard */,
			);
			path = View;
			sourceTree = "<group>";
		};
		7DD378302A21390C00A48816 /* Model */ = {
			isa = PBXGroup;
			children = (
				7DD378312A21450700A48816 /* City.swift */,
				7DD378332A2149C200A48816 /* Network.swift */,
				7DD378362A21550F00A48816 /* Constants.swift */,
				7DA1ADD72A221AF100B7A302 /* Utils.swift */,
			);
			path = Model;
			sourceTree = "<group>";
		};
/* End PBXGroup section */

/* Begin PBXNativeTarget section */
		7DD377F72A2138B400A48816 /* SimpleWeatherApp */ = {
			isa = PBXNativeTarget;
			buildConfigurationList = 7DD378252A2138B500A48816 /* Build configuration list for PBXNativeTarget "SimpleWeatherApp" */;
			buildPhases = (
				7DD377F42A2138B400A48816 /* Sources */,
				7DD377F52A2138B400A48816 /* Frameworks */,
				7DD377F62A2138B400A48816 /* Resources */,
			);
			buildRules = (
			);
			dependencies = (
			);
			name = SimpleWeatherApp;
			productName = SimpleWeatherApp;
			productReference = 7DD377F82A2138B400A48816 /* SimpleWeatherApp.app */;
			productType = "com.apple.product-type.application";
		};
		7DD378102A2138B500A48816 /* SimpleWeatherAppTests */ = {
			isa = PBXNativeTarget;
			buildConfigurationList = 7DD378282A2138B500A48816 /* Build configuration list for PBXNativeTarget "SimpleWeatherAppTests" */;
			buildPhases = (
				7DD3780D2A2138B500A48816 /* Sources */,
				7DD3780E2A2138B500A48816 /* Frameworks */,
				7DD3780F2A2138B500A48816 /* Resources */,
			);
			buildRules = (
			);
			dependencies = (
				7DD378132A2138B500A48816 /* PBXTargetDependency */,
			);
			name = SimpleWeatherAppTests;
			productName = SimpleWeatherAppTests;
			productReference = 7DD378112A2138B500A48816 /* SimpleWeatherAppTests.xctest */;
			productType = "com.apple.product-type.bundle.unit-test";
		};
		7DD3781A2A2138B500A48816 /* SimpleWeatherAppUITests */ = {
			isa = PBXNativeTarget;
			buildConfigurationList = 7DD3782B2A2138B500A48816 /* Build configuration list for PBXNativeTarget "SimpleWeatherAppUITests" */;
			buildPhases = (
				7DD378172A2138B500A48816 /* Sources */,
				7DD378182A2138B500A48816 /* Frameworks */,
				7DD378192A2138B500A48816 /* Resources */,
			);
			buildRules = (
			);
			dependencies = (
				7DD3781D2A2138B500A48816 /* PBXTargetDependency */,
			);
			name = SimpleWeatherAppUITests;
			productName = SimpleWeatherAppUITests;
			productReference = 7DD3781B2A2138B500A48816 /* SimpleWeatherAppUITests.xctest */;
			productType = "com.apple.product-type.bundle.ui-testing";
		};
/* End PBXNativeTarget section */

/* Begin PBXProject section */
		7DD377F02A2138B400A48816 /* Project object */ = {
			isa = PBXProject;
			attributes = {
				BuildIndependentTargetsInParallel = 1;
				LastSwiftUpdateCheck = 1420;
				LastUpgradeCheck = 1420;
				TargetAttributes = {
					7DD377F72A2138B400A48816 = {
						CreatedOnToolsVersion = 14.2;
					};
					7DD378102A2138B500A48816 = {
						CreatedOnToolsVersion = 14.2;
						TestTargetID = 7DD377F72A2138B400A48816;
					};
					7DD3781A2A2138B500A48816 = {
						CreatedOnToolsVersion = 14.2;
						TestTargetID = 7DD377F72A2138B400A48816;
					};
				};
			};
			buildConfigurationList = 7DD377F32A2138B400A48816 /* Build configuration list for PBXProject "SimpleWeatherApp" */;
			compatibilityVersion = "Xcode 14.0";
			developmentRegion = en;
			hasScannedForEncodings = 0;
			knownRegions = (
				en,
				Base,
			);
			mainGroup = 7DD377EF2A2138B400A48816;
			productRefGroup = 7DD377F92A2138B400A48816 /* Products */;
			projectDirPath = "";
			projectRoot = "";
			targets = (
				7DD377F72A2138B400A48816 /* SimpleWeatherApp */,
				7DD378102A2138B500A48816 /* SimpleWeatherAppTests */,
				7DD3781A2A2138B500A48816 /* SimpleWeatherAppUITests */,
			);
		};
/* End PBXProject section */

/* Begin PBXResourcesBuildPhase section */
		7DD377F62A2138B400A48816 /* Resources */ = {
			isa = PBXResourcesBuildPhase;
			buildActionMask = 2147483647;
			files = (
				7DD3780B2A2138B400A48816 /* LaunchScreen.storyboard in Resources */,
				7D2DDC302A233EE300744F59 /* city.list.json in Resources */,
				7DD378082A2138B400A48816 /* Assets.xcassets in Resources */,
				7DD378032A2138B400A48816 /* Main.storyboard in Resources */,
			);
			runOnlyForDeploymentPostprocessing = 0;
		};
		7DD3780F2A2138B500A48816 /* Resources */ = {
			isa = PBXResourcesBuildPhase;
			buildActionMask = 2147483647;
			files = (
			);
			runOnlyForDeploymentPostprocessing = 0;
		};
		7DD378192A2138B500A48816 /* Resources */ = {
			isa = PBXResourcesBuildPhase;
			buildActionMask = 2147483647;
			files = (
			);
			runOnlyForDeploymentPostprocessing = 0;
		};
/* End PBXResourcesBuildPhase section */

/* Begin PBXSourcesBuildPhase section */
		7DD377F42A2138B400A48816 /* Sources */ = {
			isa = PBXSourcesBuildPhase;
			buildActionMask = 2147483647;
			files = (
				7DD378062A2138B400A48816 /* SimpleWeatherApp.xcdatamodeld in Sources */,
				7D2DDC2A2A23369700744F59 /* SearchScreen.swift in Sources */,
				7DD378322A21450700A48816 /* City.swift in Sources */,
				7DA1ADD82A221AF100B7A302 /* Utils.swift in Sources */,
				7DD378342A2149C200A48816 /* Network.swift in Sources */,
				7DA1ADD62A22020F00B7A302 /* HomeScreen.swift in Sources */,
				7DD378372A21550F00A48816 /* Constants.swift in Sources */,
				7DD377FC2A2138B400A48816 /* AppDelegate.swift in Sources */,
				7DD377FE2A2138B400A48816 /* SceneDelegate.swift in Sources */,
			);
			runOnlyForDeploymentPostprocessing = 0;
		};
		7DD3780D2A2138B500A48816 /* Sources */ = {
			isa = PBXSourcesBuildPhase;
			buildActionMask = 2147483647;
			files = (
				7DD378162A2138B500A48816 /* SimpleWeatherAppTests.swift in Sources */,
			);
			runOnlyForDeploymentPostprocessing = 0;
		};
		7DD378172A2138B500A48816 /* Sources */ = {
			isa = PBXSourcesBuildPhase;
			buildActionMask = 2147483647;
			files = (
				7DD378202A2138B500A48816 /* SimpleWeatherAppUITests.swift in Sources */,
				7DD378222A2138B500A48816 /* SimpleWeatherAppUITestsLaunchTests.swift in Sources */,
			);
			runOnlyForDeploymentPostprocessing = 0;
		};
/* End PBXSourcesBuildPhase section */

/* Begin PBXTargetDependency section */
		7DD378132A2138B500A48816 /* PBXTargetDependency */ = {
			isa = PBXTargetDependency;
			target = 7DD377F72A2138B400A48816 /* SimpleWeatherApp */;
			targetProxy = 7DD378122A2138B500A48816 /* PBXContainerItemProxy */;
		};
		7DD3781D2A2138B500A48816 /* PBXTargetDependency */ = {
			isa = PBXTargetDependency;
			target = 7DD377F72A2138B400A48816 /* SimpleWeatherApp */;
			targetProxy = 7DD3781C2A2138B500A48816 /* PBXContainerItemProxy */;
		};
/* End PBXTargetDependency section */

/* Begin PBXVariantGroup section */
		7DD378012A2138B400A48816 /* Main.storyboard */ = {
			isa = PBXVariantGroup;
			children = (
				7DD378022A2138B400A48816 /* Base */,
			);
			name = Main.storyboard;
			sourceTree = "<group>";
		};
		7DD378092A2138B400A48816 /* LaunchScreen.storyboard */ = {
			isa = PBXVariantGroup;
			children = (
				7DD3780A2A2138B400A48816 /* Base */,
			);
			name = LaunchScreen.storyboard;
			sourceTree = "<group>";
		};
/* End PBXVariantGroup section */

/* Begin XCBuildConfiguration section */
		7DD378232A2138B500A48816 /* Debug */ = {
			isa = XCBuildConfiguration;
			buildSettings = {
				ALWAYS_SEARCH_USER_PATHS = NO;
				CLANG_ANALYZER_NONNULL = YES;
				CLANG_ANALYZER_NUMBER_OBJECT_CONVERSION = YES_AGGRESSIVE;
				CLANG_CXX_LANGUAGE_STANDARD = "gnu++20";
				CLANG_ENABLE_MODULES = YES;
				CLANG_ENABLE_OBJC_ARC = YES;
				CLANG_ENABLE_OBJC_WEAK = YES;
				CLANG_WARN_BLOCK_CAPTURE_AUTORELEASING = YES;
				CLANG_WARN_BOOL_CONVERSION = YES;
				CLANG_WARN_COMMA = YES;
				CLANG_WARN_CONSTANT_CONVERSION = YES;
				CLANG_WARN_DEPRECATED_OBJC_IMPLEMENTATIONS = YES;
				CLANG_WARN_DIRECT_OBJC_ISA_USAGE = YES_ERROR;
				CLANG_WARN_DOCUMENTATION_COMMENTS = YES;
				CLANG_WARN_EMPTY_BODY = YES;
				CLANG_WARN_ENUM_CONVERSION = YES;
				CLANG_WARN_INFINITE_RECURSION = YES;
				CLANG_WARN_INT_CONVERSION = YES;
				CLANG_WARN_NON_LITERAL_NULL_CONVERSION = YES;
				CLANG_WARN_OBJC_IMPLICIT_RETAIN_SELF = YES;
				CLANG_WARN_OBJC_LITERAL_CONVERSION = YES;
				CLANG_WARN_OBJC_ROOT_CLASS = YES_ERROR;
				CLANG_WARN_QUOTED_INCLUDE_IN_FRAMEWORK_HEADER = YES;
				CLANG_WARN_RANGE_LOOP_ANALYSIS = YES;
				CLANG_WARN_STRICT_PROTOTYPES = YES;
				CLANG_WARN_SUSPICIOUS_MOVE = YES;
				CLANG_WARN_UNGUARDED_AVAILABILITY = YES_AGGRESSIVE;
				CLANG_WARN_UNREACHABLE_CODE = YES;
				CLANG_WARN__DUPLICATE_METHOD_MATCH = YES;
				COPY_PHASE_STRIP = NO;
				DEBUG_INFORMATION_FORMAT = dwarf;
				ENABLE_STRICT_OBJC_MSGSEND = YES;
				ENABLE_TESTABILITY = YES;
				GCC_C_LANGUAGE_STANDARD = gnu11;
				GCC_DYNAMIC_NO_PIC = NO;
				GCC_NO_COMMON_BLOCKS = YES;
				GCC_OPTIMIZATION_LEVEL = 0;
				GCC_PREPROCESSOR_DEFINITIONS = (
					"DEBUG=1",
					"$(inherited)",
				);
				GCC_WARN_64_TO_32_BIT_CONVERSION = YES;
				GCC_WARN_ABOUT_RETURN_TYPE = YES_ERROR;
				GCC_WARN_UNDECLARED_SELECTOR = YES;
				GCC_WARN_UNINITIALIZED_AUTOS = YES_AGGRESSIVE;
				GCC_WARN_UNUSED_FUNCTION = YES;
				GCC_WARN_UNUSED_VARIABLE = YES;
				IPHONEOS_DEPLOYMENT_TARGET = 16.2;
				MTL_ENABLE_DEBUG_INFO = INCLUDE_SOURCE;
				MTL_FAST_MATH = YES;
				ONLY_ACTIVE_ARCH = YES;
				SDKROOT = iphoneos;
				SWIFT_ACTIVE_COMPILATION_CONDITIONS = DEBUG;
				SWIFT_OPTIMIZATION_LEVEL = "-Onone";
			};
			name = Debug;
		};
		7DD378242A2138B500A48816 /* Release */ = {
			isa = XCBuildConfiguration;
			buildSettings = {
				ALWAYS_SEARCH_USER_PATHS = NO;
				CLANG_ANALYZER_NONNULL = YES;
				CLANG_ANALYZER_NUMBER_OBJECT_CONVERSION = YES_AGGRESSIVE;
				CLANG_CXX_LANGUAGE_STANDARD = "gnu++20";
				CLANG_ENABLE_MODULES = YES;
				CLANG_ENABLE_OBJC_ARC = YES;
				CLANG_ENABLE_OBJC_WEAK = YES;
				CLANG_WARN_BLOCK_CAPTURE_AUTORELEASING = YES;
				CLANG_WARN_BOOL_CONVERSION = YES;
				CLANG_WARN_COMMA = YES;
				CLANG_WARN_CONSTANT_CONVERSION = YES;
				CLANG_WARN_DEPRECATED_OBJC_IMPLEMENTATIONS = YES;
				CLANG_WARN_DIRECT_OBJC_ISA_USAGE = YES_ERROR;
				CLANG_WARN_DOCUMENTATION_COMMENTS = YES;
				CLANG_WARN_EMPTY_BODY = YES;
				CLANG_WARN_ENUM_CONVERSION = YES;
				CLANG_WARN_INFINITE_RECURSION = YES;
				CLANG_WARN_INT_CONVERSION = YES;
				CLANG_WARN_NON_LITERAL_NULL_CONVERSION = YES;
				CLANG_WARN_OBJC_IMPLICIT_RETAIN_SELF = YES;
				CLANG_WARN_OBJC_LITERAL_CONVERSION = YES;
				CLANG_WARN_OBJC_ROOT_CLASS = YES_ERROR;
				CLANG_WARN_QUOTED_INCLUDE_IN_FRAMEWORK_HEADER = YES;
				CLANG_WARN_RANGE_LOOP_ANALYSIS = YES;
				CLANG_WARN_STRICT_PROTOTYPES = YES;
				CLANG_WARN_SUSPICIOUS_MOVE = YES;
				CLANG_WARN_UNGUARDED_AVAILABILITY = YES_AGGRESSIVE;
				CLANG_WARN_UNREACHABLE_CODE = YES;
				CLANG_WARN__DUPLICATE_METHOD_MATCH = YES;
				COPY_PHASE_STRIP = NO;
				DEBUG_INFORMATION_FORMAT = "dwarf-with-dsym";
				ENABLE_NS_ASSERTIONS = NO;
				ENABLE_STRICT_OBJC_MSGSEND = YES;
				GCC_C_LANGUAGE_STANDARD = gnu11;
				GCC_NO_COMMON_BLOCKS = YES;
				GCC_WARN_64_TO_32_BIT_CONVERSION = YES;
				GCC_WARN_ABOUT_RETURN_TYPE = YES_ERROR;
				GCC_WARN_UNDECLARED_SELECTOR = YES;
				GCC_WARN_UNINITIALIZED_AUTOS = YES_AGGRESSIVE;
				GCC_WARN_UNUSED_FUNCTION = YES;
				GCC_WARN_UNUSED_VARIABLE = YES;
				IPHONEOS_DEPLOYMENT_TARGET = 16.2;
				MTL_ENABLE_DEBUG_INFO = NO;
				MTL_FAST_MATH = YES;
				SDKROOT = iphoneos;
				SWIFT_COMPILATION_MODE = wholemodule;
				SWIFT_OPTIMIZATION_LEVEL = "-O";
				VALIDATE_PRODUCT = YES;
			};
			name = Release;
		};
		7DD378262A2138B500A48816 /* Debug */ = {
			isa = XCBuildConfiguration;
			buildSettings = {
				ASSETCATALOG_COMPILER_APPICON_NAME = AppIcon;
				ASSETCATALOG_COMPILER_GLOBAL_ACCENT_COLOR_NAME = AccentColor;
				CODE_SIGN_STYLE = Automatic;
				CURRENT_PROJECT_VERSION = 1;
				GENERATE_INFOPLIST_FILE = YES;
				INFOPLIST_FILE = SimpleWeatherApp/Info.plist;
				INFOPLIST_KEY_UIApplicationSupportsIndirectInputEvents = YES;
				INFOPLIST_KEY_UILaunchStoryboardName = LaunchScreen;
				INFOPLIST_KEY_UIMainStoryboardFile = Main;
				INFOPLIST_KEY_UISupportedInterfaceOrientations_iPad = "UIInterfaceOrientationPortrait UIInterfaceOrientationPortraitUpsideDown UIInterfaceOrientationLandscapeLeft UIInterfaceOrientationLandscapeRight";
				INFOPLIST_KEY_UISupportedInterfaceOrientations_iPhone = "UIInterfaceOrientationPortrait UIInterfaceOrientationLandscapeLeft UIInterfaceOrientationLandscapeRight";
				LD_RUNPATH_SEARCH_PATHS = (
					"$(inherited)",
					"@executable_path/Frameworks",
				);
				MARKETING_VERSION = 1.0;
				PRODUCT_BUNDLE_IDENTIFIER = com.Erkam.SimpleWeatherApp;
				PRODUCT_NAME = "$(TARGET_NAME)";
				SWIFT_EMIT_LOC_STRINGS = YES;
				SWIFT_VERSION = 5.0;
				TARGETED_DEVICE_FAMILY = "1,2";
			};
			name = Debug;
		};
		7DD378272A2138B500A48816 /* Release */ = {
			isa = XCBuildConfiguration;
			buildSettings = {
				ASSETCATALOG_COMPILER_APPICON_NAME = AppIcon;
				ASSETCATALOG_COMPILER_GLOBAL_ACCENT_COLOR_NAME = AccentColor;
				CODE_SIGN_STYLE = Automatic;
				CURRENT_PROJECT_VERSION = 1;
				GENERATE_INFOPLIST_FILE = YES;
				INFOPLIST_FILE = SimpleWeatherApp/Info.plist;
				INFOPLIST_KEY_UIApplicationSupportsIndirectInputEvents = YES;
				INFOPLIST_KEY_UILaunchStoryboardName = LaunchScreen;
				INFOPLIST_KEY_UIMainStoryboardFile = Main;
				INFOPLIST_KEY_UISupportedInterfaceOrientations_iPad = "UIInterfaceOrientationPortrait UIInterfaceOrientationPortraitUpsideDown UIInterfaceOrientationLandscapeLeft UIInterfaceOrientationLandscapeRight";
				INFOPLIST_KEY_UISupportedInterfaceOrientations_iPhone = "UIInterfaceOrientationPortrait UIInterfaceOrientationLandscapeLeft UIInterfaceOrientationLandscapeRight";
				LD_RUNPATH_SEARCH_PATHS = (
					"$(inherited)",
					"@executable_path/Frameworks",
				);
				MARKETING_VERSION = 1.0;
				PRODUCT_BUNDLE_IDENTIFIER = com.Erkam.SimpleWeatherApp;
				PRODUCT_NAME = "$(TARGET_NAME)";
				SWIFT_EMIT_LOC_STRINGS = YES;
				SWIFT_VERSION = 5.0;
				TARGETED_DEVICE_FAMILY = "1,2";
			};
			name = Release;
		};
		7DD378292A2138B500A48816 /* Debug */ = {
			isa = XCBuildConfiguration;
			buildSettings = {
				ALWAYS_EMBED_SWIFT_STANDARD_LIBRARIES = YES;
				BUNDLE_LOADER = "$(TEST_HOST)";
				CODE_SIGN_STYLE = Automatic;
				CURRENT_PROJECT_VERSION = 1;
				GENERATE_INFOPLIST_FILE = YES;
				IPHONEOS_DEPLOYMENT_TARGET = 16.2;
				MARKETING_VERSION = 1.0;
				PRODUCT_BUNDLE_IDENTIFIER = com.Erkam.SimpleWeatherAppTests;
				PRODUCT_NAME = "$(TARGET_NAME)";
				SWIFT_EMIT_LOC_STRINGS = NO;
				SWIFT_VERSION = 5.0;
				TARGETED_DEVICE_FAMILY = "1,2";
				TEST_HOST = "$(BUILT_PRODUCTS_DIR)/SimpleWeatherApp.app/$(BUNDLE_EXECUTABLE_FOLDER_PATH)/SimpleWeatherApp";
			};
			name = Debug;
		};
		7DD3782A2A2138B500A48816 /* Release */ = {
			isa = XCBuildConfiguration;
			buildSettings = {
				ALWAYS_EMBED_SWIFT_STANDARD_LIBRARIES = YES;
				BUNDLE_LOADER = "$(TEST_HOST)";
				CODE_SIGN_STYLE = Automatic;
				CURRENT_PROJECT_VERSION = 1;
				GENERATE_INFOPLIST_FILE = YES;
				IPHONEOS_DEPLOYMENT_TARGET = 16.2;
				MARKETING_VERSION = 1.0;
				PRODUCT_BUNDLE_IDENTIFIER = com.Erkam.SimpleWeatherAppTests;
				PRODUCT_NAME = "$(TARGET_NAME)";
				SWIFT_EMIT_LOC_STRINGS = NO;
				SWIFT_VERSION = 5.0;
				TARGETED_DEVICE_FAMILY = "1,2";
				TEST_HOST = "$(BUILT_PRODUCTS_DIR)/SimpleWeatherApp.app/$(BUNDLE_EXECUTABLE_FOLDER_PATH)/SimpleWeatherApp";
			};
			name = Release;
		};
		7DD3782C2A2138B500A48816 /* Debug */ = {
			isa = XCBuildConfiguration;
			buildSettings = {
				ALWAYS_EMBED_SWIFT_STANDARD_LIBRARIES = YES;
				CODE_SIGN_STYLE = Automatic;
				CURRENT_PROJECT_VERSION = 1;
				GENERATE_INFOPLIST_FILE = YES;
				MARKETING_VERSION = 1.0;
				PRODUCT_BUNDLE_IDENTIFIER = com.Erkam.SimpleWeatherAppUITests;
				PRODUCT_NAME = "$(TARGET_NAME)";
				SWIFT_EMIT_LOC_STRINGS = NO;
				SWIFT_VERSION = 5.0;
				TARGETED_DEVICE_FAMILY = "1,2";
				TEST_TARGET_NAME = SimpleWeatherApp;
			};
			name = Debug;
		};
		7DD3782D2A2138B500A48816 /* Release */ = {
			isa = XCBuildConfiguration;
			buildSettings = {
				ALWAYS_EMBED_SWIFT_STANDARD_LIBRARIES = YES;
				CODE_SIGN_STYLE = Automatic;
				CURRENT_PROJECT_VERSION = 1;
				GENERATE_INFOPLIST_FILE = YES;
				MARKETING_VERSION = 1.0;
				PRODUCT_BUNDLE_IDENTIFIER = com.Erkam.SimpleWeatherAppUITests;
				PRODUCT_NAME = "$(TARGET_NAME)";
				SWIFT_EMIT_LOC_STRINGS = NO;
				SWIFT_VERSION = 5.0;
				TARGETED_DEVICE_FAMILY = "1,2";
				TEST_TARGET_NAME = SimpleWeatherApp;
			};
			name = Release;
		};
/* End XCBuildConfiguration section */

/* Begin XCConfigurationList section */
		7DD377F32A2138B400A48816 /* Build configuration list for PBXProject "SimpleWeatherApp" */ = {
			isa = XCConfigurationList;
			buildConfigurations = (
				7DD378232A2138B500A48816 /* Debug */,
				7DD378242A2138B500A48816 /* Release */,
			);
			defaultConfigurationIsVisible = 0;
			defaultConfigurationName = Release;
		};
		7DD378252A2138B500A48816 /* Build configuration list for PBXNativeTarget "SimpleWeatherApp" */ = {
			isa = XCConfigurationList;
			buildConfigurations = (
				7DD378262A2138B500A48816 /* Debug */,
				7DD378272A2138B500A48816 /* Release */,
			);
			defaultConfigurationIsVisible = 0;
			defaultConfigurationName = Release;
		};
		7DD378282A2138B500A48816 /* Build configuration list for PBXNativeTarget "SimpleWeatherAppTests" */ = {
			isa = XCConfigurationList;
			buildConfigurations = (
				7DD378292A2138B500A48816 /* Debug */,
				7DD3782A2A2138B500A48816 /* Release */,
			);
			defaultConfigurationIsVisible = 0;
			defaultConfigurationName = Release;
		};
		7DD3782B2A2138B500A48816 /* Build configuration list for PBXNativeTarget "SimpleWeatherAppUITests" */ = {
			isa = XCConfigurationList;
			buildConfigurations = (
				7DD3782C2A2138B500A48816 /* Debug */,
				7DD3782D2A2138B500A48816 /* Release */,
			);
			defaultConfigurationIsVisible = 0;
			defaultConfigurationName = Release;
		};
/* End XCConfigurationList section */

/* Begin XCVersionGroup section */
		7DD378042A2138B400A48816 /* SimpleWeatherApp.xcdatamodeld */ = {
			isa = XCVersionGroup;
			children = (
				7DD378052A2138B400A48816 /* SimpleWeatherApp.xcdatamodel */,
			);
			currentVersion = 7DD378052A2138B400A48816 /* SimpleWeatherApp.xcdatamodel */;
			path = SimpleWeatherApp.xcdatamodeld;
			sourceTree = "<group>";
			versionGroupType = wrapper.xcdatamodel;
		};
/* End XCVersionGroup section */
	};
	rootObject = 7DD377F02A2138B400A48816 /* Project object */;
}
